
Microsoft Visual Studio Solution File, Format Version 12.00
# Visual Studio 15
VisualStudioVersion = 15.0.26730.3
MinimumVisualStudioVersion = 10.0.40219.1
Project("{9A19103F-16F7-4668-BE54-9A1E7A4F7556}") = "TKA.WebCore", "TKA.WebCore\TKA.WebCore.csproj", "{B6725FD8-9225-4D83-ABFC-5CFAFEB1680A}"
EndProject
Global
	GlobalSection(SolutionConfigurationPlatforms) = preSolution
		Debug|Any CPU = Debug|Any CPU
		Release|Any CPU = Release|Any CPU
	EndGlobalSection
	GlobalSection(ProjectConfigurationPlatforms) = postSolution
		{B6725FD8-9225-4D83-ABFC-5CFAFEB1680A}.Debug|Any CPU.ActiveCfg = Debug|Any CPU
		{B6725FD8-9225-4D83-ABFC-5CFAFEB1680A}.Debug|Any CPU.Build.0 = Debug|Any CPU
		{B6725FD8-9225-4D83-ABFC-5CFAFEB1680A}.Release|Any CPU.ActiveCfg = Release|Any CPU
		{B6725FD8-9225-4D83-ABFC-5CFAFEB1680A}.Release|Any CPU.Build.0 = Release|Any CPU
	EndGlobalSection
	GlobalSection(SolutionProperties) = preSolution
		HideSolutionNode = FALSE
	EndGlobalSection
	GlobalSection(ExtensibilityGlobals) = postSolution
		SolutionGuid = {87B79C1E-DF8F-46E3-9583-42F741402E33}
	EndGlobalSection
	GlobalSection(TeamFoundationVersionControl) = preSolution
		SccNumberOfProjects = 2
		SccEnterpriseProvider = {4CA58AB2-18FA-4F8D-95D4-32DDF27D184C}
		SccTeamFoundationServer = https://liuyongqiang.visualstudio.com/
		SccLocalPath0 = .
		SccProjectUniqueName1 = TKA.WebCore\\TKA.WebCore.csproj
		SccProjectName1 = TKA.WebCore
		SccLocalPath1 = TKA.WebCore
	EndGlobalSection
EndGlobal
